
Microsoft Visual Studio Solution File, Format Version 12.00
# Visual Studio Version 17
VisualStudioVersion = 17.3.32922.545
MinimumVisualStudioVersion = 10.0.40219.1
Project("{9A19103F-16F7-4668-BE54-9A1E7A4F7556}") = "Warstwy-Integracji-BigData", "Warstwy-Integracji-BigData.csproj", "{5571D7AC-957F-443A-9554-C1D9D03F8D70}"
EndProject
Project("{FAE04EC0-301F-11D3-BF4B-00C04F79EFBC}") = "Searcher", "..\Searcher\Searcher.csproj", "{A0484F4C-6818-4BDD-832E-753470A60387}"
EndProject
Global
	GlobalSection(SolutionConfigurationPlatforms) = preSolution
		Debug|Any CPU = Debug|Any CPU
		Release|Any CPU = Release|Any CPU
	EndGlobalSection
	GlobalSection(ProjectConfigurationPlatforms) = postSolution
		{5571D7AC-957F-443A-9554-C1D9D03F8D70}.Debug|Any CPU.ActiveCfg = Debug|Any CPU
		{5571D7AC-957F-443A-9554-C1D9D03F8D70}.Debug|Any CPU.Build.0 = Debug|Any CPU
		{5571D7AC-957F-443A-9554-C1D9D03F8D70}.Release|Any CPU.ActiveCfg = Release|Any CPU
		{5571D7AC-957F-443A-9554-C1D9D03F8D70}.Release|Any CPU.Build.0 = Release|Any CPU
		{A0484F4C-6818-4BDD-832E-753470A60387}.Debug|Any CPU.ActiveCfg = Debug|Any CPU
		{A0484F4C-6818-4BDD-832E-753470A60387}.Debug|Any CPU.Build.0 = Debug|Any CPU
		{A0484F4C-6818-4BDD-832E-753470A60387}.Release|Any CPU.ActiveCfg = Release|Any CPU
		{A0484F4C-6818-4BDD-832E-753470A60387}.Release|Any CPU.Build.0 = Release|Any CPU
	EndGlobalSection
	GlobalSection(SolutionProperties) = preSolution
		HideSolutionNode = FALSE
	EndGlobalSection
	GlobalSection(ExtensibilityGlobals) = postSolution
		SolutionGuid = {E018C0A8-8CC0-4B36-ACCA-DB545FAD733B}
	EndGlobalSection
EndGlobal
